
Microsoft Visual Studio Solution File, Format Version 12.00
# Visual Studio Version 17
VisualStudioVersion = 17.4.33213.308
MinimumVisualStudioVersion = 10.0.40219.1
Project("{FAE04EC0-301F-11D3-BF4B-00C04F79EFBC}") = "TimesYear", "TimesYear.csproj", "{9CA587A7-5027-490F-A345-152972A36945}"
EndProject
Global
	GlobalSection(SolutionConfigurationPlatforms) = preSolution
		Debug|Any CPU = Debug|Any CPU
		Release|Any CPU = Release|Any CPU
	EndGlobalSection
	GlobalSection(ProjectConfigurationPlatforms) = postSolution
		{9CA587A7-5027-490F-A345-152972A36945}.Debug|Any CPU.ActiveCfg = Debug|Any CPU
		{9CA587A7-5027-490F-A345-152972A36945}.Debug|Any CPU.Build.0 = Debug|Any CPU
		{9CA587A7-5027-490F-A345-152972A36945}.Release|Any CPU.ActiveCfg = Release|Any CPU
		{9CA587A7-5027-490F-A345-152972A36945}.Release|Any CPU.Build.0 = Release|Any CPU
	EndGlobalSection
	GlobalSection(SolutionProperties) = preSolution
		HideSolutionNode = FALSE
	EndGlobalSection
	GlobalSection(ExtensibilityGlobals) = postSolution
		SolutionGuid = {34818F0D-3784-4E7D-BBC5-4607A0D6C7C3}
	EndGlobalSection
EndGlobal
